
Microsoft Visual Studio Solution File, Format Version 12.00
# Visual Studio Version 17
VisualStudioVersion = 17.12.35514.174
MinimumVisualStudioVersion = 10.0.40219.1
Project("{FAE04EC0-301F-11D3-BF4B-00C04F79EFBC}") = "Hubtel.Api-Integration", "Hubtel.Api-Integration\Hubtel.Api-Integration.csproj", "{AED1DABD-013D-4CB3-9194-A34198C98022}"
EndProject
Project("{FAE04EC0-301F-11D3-BF4B-00C04F79EFBC}") = "dbContex", "dbContex\dbContex.csproj", "{4D3A906B-6210-4C0B-AC72-EB06111C1046}"
EndProject
Project("{FAE04EC0-301F-11D3-BF4B-00C04F79EFBC}") = "ViewModel", "ViewModel\ViewModel.csproj", "{EABFBB93-E381-4FDF-91C2-B4EA853A3DD9}"
EndProject
Project("{FAE04EC0-301F-11D3-BF4B-00C04F79EFBC}") = "Helper", "Helper\Helper.csproj", "{62AE6F01-EC37-4C68-A6EA-C2500DEB6103}"
EndProject
Project("{FAE04EC0-301F-11D3-BF4B-00C04F79EFBC}") = "Hubtel.Api-IntegrationTest", "Hubtel.Api-IntegrationTest\Hubtel.Api-IntegrationTest.csproj", "{4DDB8EC0-ACA6-4285-9A12-388989F5FBF5}"
EndProject
Global
	GlobalSection(SolutionConfigurationPlatforms) = preSolution
		Debug|Any CPU = Debug|Any CPU
		Release|Any CPU = Release|Any CPU
	EndGlobalSection
	GlobalSection(ProjectConfigurationPlatforms) = postSolution
		{AED1DABD-013D-4CB3-9194-A34198C98022}.Debug|Any CPU.ActiveCfg = Debug|Any CPU
		{AED1DABD-013D-4CB3-9194-A34198C98022}.Debug|Any CPU.Build.0 = Debug|Any CPU
		{AED1DABD-013D-4CB3-9194-A34198C98022}.Release|Any CPU.ActiveCfg = Release|Any CPU
		{AED1DABD-013D-4CB3-9194-A34198C98022}.Release|Any CPU.Build.0 = Release|Any CPU
		{4D3A906B-6210-4C0B-AC72-EB06111C1046}.Debug|Any CPU.ActiveCfg = Debug|Any CPU
		{4D3A906B-6210-4C0B-AC72-EB06111C1046}.Debug|Any CPU.Build.0 = Debug|Any CPU
		{4D3A906B-6210-4C0B-AC72-EB06111C1046}.Release|Any CPU.ActiveCfg = Release|Any CPU
		{4D3A906B-6210-4C0B-AC72-EB06111C1046}.Release|Any CPU.Build.0 = Release|Any CPU
		{EABFBB93-E381-4FDF-91C2-B4EA853A3DD9}.Debug|Any CPU.ActiveCfg = Debug|Any CPU
		{EABFBB93-E381-4FDF-91C2-B4EA853A3DD9}.Debug|Any CPU.Build.0 = Debug|Any CPU
		{EABFBB93-E381-4FDF-91C2-B4EA853A3DD9}.Release|Any CPU.ActiveCfg = Release|Any CPU
		{EABFBB93-E381-4FDF-91C2-B4EA853A3DD9}.Release|Any CPU.Build.0 = Release|Any CPU
		{62AE6F01-EC37-4C68-A6EA-C2500DEB6103}.Debug|Any CPU.ActiveCfg = Debug|Any CPU
		{62AE6F01-EC37-4C68-A6EA-C2500DEB6103}.Debug|Any CPU.Build.0 = Debug|Any CPU
		{62AE6F01-EC37-4C68-A6EA-C2500DEB6103}.Release|Any CPU.ActiveCfg = Release|Any CPU
		{62AE6F01-EC37-4C68-A6EA-C2500DEB6103}.Release|Any CPU.Build.0 = Release|Any CPU
		{4DDB8EC0-ACA6-4285-9A12-388989F5FBF5}.Debug|Any CPU.ActiveCfg = Debug|Any CPU
		{4DDB8EC0-ACA6-4285-9A12-388989F5FBF5}.Debug|Any CPU.Build.0 = Debug|Any CPU
		{4DDB8EC0-ACA6-4285-9A12-388989F5FBF5}.Release|Any CPU.ActiveCfg = Release|Any CPU
		{4DDB8EC0-ACA6-4285-9A12-388989F5FBF5}.Release|Any CPU.Build.0 = Release|Any CPU
	EndGlobalSection
	GlobalSection(SolutionProperties) = preSolution
		HideSolutionNode = FALSE
	EndGlobalSection
EndGlobal
